<Solution>
  <Project Path="Ejercicio 01/Ejercicio 01.csproj" Id="5c4bcb1d-500e-41c6-96bc-459f58f1cf61" />
  <Project Path="Ejercicio 02/Ejercicio 02.csproj" Id="8bb69a27-ecff-493b-8eb3-da8c5e53d605" />
  <Project Path="Ejercicio 03/Ejercicio 03.csproj" Id="49375de5-a463-42ea-8997-0a33bf1bcb06" />
  <Project Path="Ejercicio 04/Ejercicio 04.csproj" Id="1e90a251-6e32-46ad-931d-34f6af7fff2e" />
  <Project Path="Ejercicio 05/Ejercicio 05.csproj" Id="7c17dc3b-887c-4823-a79b-598213b7fe6b" />
  <Project Path="Ejercicio 06/Ejercicio 06.csproj" Id="6ca5a6af-9199-41f6-bf07-4eb813639b15" />
  <Project Path="Ejercicio 07/Ejercicio 07.csproj" Id="1cc7cd18-c9ae-46da-92d3-f196c474cab2" />
  <Project Path="Ejercicio 08/Ejercicio 08.csproj" Id="cc99f033-1287-4c00-84e9-455b5d575a67" />
</Solution>
