<Solution>
  <Project Path="Ejercicio 01/Ejercicio 01.csproj" Id="5c4bcb1d-500e-41c6-96bc-459f58f1cf61" />
  <Project Path="Ejercicio 02/Ejercicio 02.csproj" Id="8bb69a27-ecff-493b-8eb3-da8c5e53d605" />
  <Project Path="Ejercicio 03/Ejercicio 03.csproj" Id="49375de5-a463-42ea-8997-0a33bf1bcb06" />
  <Project Path="Ejercicio 04/Ejercicio 04.csproj" Id="1e90a251-6e32-46ad-931d-34f6af7fff2e" />
  <Project Path="Ejercicio 05/Ejercicio 05.csproj" Id="7c17dc3b-887c-4823-a79b-598213b7fe6b" />
</Solution>
