<Solution>
  <Project Path="Ejercicio 01/Ejercicio 01.csproj" Id="5c4bcb1d-500e-41c6-96bc-459f58f1cf61" />
  <Project Path="Ejercicio 02/Ejercicio 02.csproj" Id="8bb69a27-ecff-493b-8eb3-da8c5e53d605" />
  <Project Path="Ejercicio 03/Ejercicio 03.csproj" Id="49375de5-a463-42ea-8997-0a33bf1bcb06" />
</Solution>
